{
    "api-platform/core": {
        "version": "2.5",
        "recipe": {
            "repo": "github.com/symfony/recipes",
            "branch": "master",
            "version": "2.5",
            "ref": "a93061567140e386f107be75340ac2aee3f86cbf"
        },
        "files": [
            "config/packages/api_platform.yaml",
            "config/routes/api_platform.yaml",
            "src/Entity/.gitignore"
        ]
    },
    "fig/link-util": {
        "version": "1.1.0"
    },
    "lcobucci/jwt": {
        "version": "3.3.1"
    },
    "lexik/jwt-authentication-bundle": {
        "version": "2.5",
        "recipe": {
            "repo": "github.com/symfony/recipes",
            "branch": "master",
            "version": "2.5",
            "ref": "5b2157bcd5778166a5696e42f552ad36529a07a6"
        },
        "files": [
            "config/packages/lexik_jwt_authentication.yaml"
        ]
    },
    "namshi/jose": {
        "version": "7.2.3"
    },
    "php": {
        "version": "7.3"
    },
    "psr/link": {
        "version": "1.0.0"
    },
    "sebastian/type": {
        "version": "1.1.3"
    },
    "symfony/polyfill-php56": {
        "version": "v1.15.0"
    },
    "symfony/polyfill-php80": {
        "version": "v1.15.0"
    },
    "symfony/polyfill-util": {
        "version": "v1.15.0"
    },
    "symfony/property-info": {
        "version": "v5.0.7"
    },
    "symfony/serializer": {
        "version": "v5.0.7"
    },
    "symfony/web-link": {
        "version": "v5.0.7"
    }
}
