# This file is part of the Sylius package.
# (c) Paweł Jędrzejewski

sylius_backend_block_overview:
    path: /
    methods: [GET]
    defaults:
        _controller: FrameworkBundle:Template:template
        template:    'SyliusWebBundle:Backend/Content/Block:overview.html.twig'

sylius_backend_simple_block:
    resource: @SyliusWebBundle/Resources/config/routing/backend/content/block/simple_block.yml
    prefix: /simple

sylius_backend_string_block:
    resource: @SyliusWebBundle/Resources/config/routing/backend/content/block/string_block.yml
    prefix: /string

sylius_backend_reference_block:
    resource: @SyliusWebBundle/Resources/config/routing/backend/content/block/reference_block.yml
    prefix: /reference

sylius_backend_action_block:
    resource: @SyliusWebBundle/Resources/config/routing/backend/content/block/action_block.yml
    prefix: /action

sylius_backend_slideshow_block:
    resource: @SyliusWebBundle/Resources/config/routing/backend/content/block/slideshow_block.yml
    prefix: /slideshow

sylius_backend_imagine_block:
    resource: @SyliusWebBundle/Resources/config/routing/backend/content/block/imagine_block.yml
    prefix: /imagine
