# This file is part of the Sylius package.
# (c) Paweł Jędrzejewski

sylius_backend_action_block_index:
    path: /
    methods: [GET]
    defaults:
        _controller: sylius.controller.action_block:indexAction
        _sylius:
            template: SyliusWebBundle:Backend/Content/Block/Action:index.html.twig
            sortable: true

sylius_backend_action_block_create:
    path: /new
    methods: [GET, POST]
    defaults:
        _controller: sylius.controller.action_block:createAction
        _sylius:
            template: SyliusWebBundle:Backend/Content/Block/Action:create.html.twig
            redirect: sylius_backend_action_block_index

sylius_backend_action_block_update:
    path: /{id}/edit
    methods: [GET, PUT]
    defaults:
        _controller: sylius.controller.action_block:updateAction
        _sylius:
            template: SyliusWebBundle:Backend/Content/Block/Action:update.html.twig
            repository:
                method: find
                arguments: [$id]
            redirect: sylius_backend_action_block_index
    requirements:
        id: ".+"

sylius_backend_action_block_delete:
    path: /{id}/delete
    methods: [DELETE]
    defaults:
        _controller: sylius.controller.action_block:deleteAction
        _sylius:
            template: SyliusWebBundle:Backend/Misc:delete.html.twig
            repository:
                method: find
                arguments: [$id]
            redirect: sylius_backend_action_block_index
    requirements:
        id: ".+"
