# This file is part of the Sylius package.
# (c) Paweł Jędrzejewski

sylius_backend_slideshow_block_index:
    path:    /
    methods: [GET]
    defaults:
        _controller: sylius.controller.slideshow_block:indexAction
        _sylius:
            template: SyliusWebBundle:Backend/Content/Block/Slideshow:index.html.twig
            sortable: true

sylius_backend_slideshow_block_create:
    path:    /new
    methods: [GET, POST]
    defaults:
        _controller: sylius.controller.slideshow_block:createAction
        _sylius:
            template: SyliusWebBundle:Backend/Content/Block/Slideshow:create.html.twig
            redirect: sylius_backend_slideshow_block_index

sylius_backend_slideshow_block_update:
    path:    /{id}/edit
    methods: [GET, PUT]
    defaults:
        _controller: sylius.controller.slideshow_block:updateAction
        _sylius:
            template: SyliusWebBundle:Backend/Content/Block/Slideshow:update.html.twig
            repository:
                method: find
                arguments: [$id]
            redirect: sylius_backend_slideshow_block_index
    requirements:
        id: ".+"

sylius_backend_slideshow_block_delete:
    path:    /{id}/delete
    methods: [DELETE]
    defaults:
        _controller: sylius.controller.slideshow_block:deleteAction
        _sylius:
            template: SyliusWebBundle:Backend/Content/Misc:delete.html.twig
            repository:
                method: find
                arguments: [$id]
            redirect: sylius_backend_slideshow_block_index
    requirements:
        id: ".+"
